
Microsoft Visual Studio Solution File, Format Version 12.00
Project("{FAE04EC0-301F-11D3-BF4B-00C04F79EFBC}") = "Vehiculos.EstadoA", "Vehiculos.EstadoA\Vehiculos.EstadoA.csproj", "{1F7A3141-4E2A-4903-914B-48EF4200736C}"
EndProject
Global
	GlobalSection(SolutionConfigurationPlatforms) = preSolution
		Debug|Any CPU = Debug|Any CPU
		Release|Any CPU = Release|Any CPU
	EndGlobalSection
	GlobalSection(ProjectConfigurationPlatforms) = postSolution
		{1F7A3141-4E2A-4903-914B-48EF4200736C}.Debug|Any CPU.ActiveCfg = Debug|Any CPU
		{1F7A3141-4E2A-4903-914B-48EF4200736C}.Debug|Any CPU.Build.0 = Debug|Any CPU
		{1F7A3141-4E2A-4903-914B-48EF4200736C}.Release|Any CPU.ActiveCfg = Release|Any CPU
		{1F7A3141-4E2A-4903-914B-48EF4200736C}.Release|Any CPU.Build.0 = Release|Any CPU
	EndGlobalSection
EndGlobal
